github.com/davecgh/go-spew v1.1.0 h1:ZDRjVQ15GmhC3fiQ8ni8+OwkZQO4DARzQgrnXU1Liz8=
github.com/davecgh/go-spew v1.1.0/go.mod h1:J7Y8YcW2NihsgmVo/mv3lAwl/skON4iLHjSsI+c5H38=
github.com/fatih/color v1.19.0 h1:Zp3PiM21/9Ld6FzSKyL5c/BULoe/ONr9KlbYVOfG8+w=
github.com/fatih/color v1.19.0/go.mod h1:zNk67I0ZUT1bEGsSGyCZYZNrHuTkJJB+r6Q9VuMi0LE=
github.com/fsgo/cmdutil v0.0.8 h1:5meock7mPz/AplGoIguwqN4PtsnxIOAPG9wvtYgc89E=
github.com/fsgo/cmdutil v0.0.8/go.mod h1:JynbUebgrMbSOclvQpSEj3rZ8XfX7x8g3SedJ1llIU8=
github.com/fsgo/fscache v0.0.3 h1:sB1+0gy+U4wBWDiX/F19xCpnOigT9GNBkbRbUJ8IIWI=
github.com/fsgo/fscache v0.0.3/go.mod h1:CzAPs8vqMS0GgC7mRJkRyclg1z9Zhhhzb57bC79IgR8=
github.com/fsgo/fst v0.0.5 h1:c12J39shorNiS3X9QsK6sg/KUzw8FOA3IoKPb/upj7E=
github.com/fsgo/fst v0.0.5/go.mod h1:vNB0la0LICDwsMuwD7KR8NNDnslYyH/1x1+fOamXra8=
github.com/fsgo/gomodule v0.0.4 h1:HEYThkM1xLqrickoz8IgT8v1BH+a6BeSHsoBL2LtDQk=
github.com/fsgo/gomodule v0.0.4/go.mod h1:oWVuWL5KDgjcn3L3U1n4cAp+SqLi/5vvulbdmnCqsWA=
github.com/mattn/go-colorable v0.1.14 h1:9A9LHSqF/7dyVVX6g0U9cwm9pG3kP9gSzcuIPHPsaIE=
github.com/mattn/go-colorable v0.1.14/go.mod h1:6LmQG8QLFO4G5z1gPvYEzlUgJ2wF+stgPZH1UqBm1s8=
github.com/mattn/go-isatty v0.0.20 h1:xfD0iDuEKnDkl03q4limB+vH+GxLEtL/jb4xVJSWWEY=
github.com/mattn/go-isatty v0.0.20/go.mod h1:W+V8PltTTMOvKvAeJH7IuucS94S2C6jfK/D7dTCTo3Y=
github.com/pmezard/go-difflib v1.0.0 h1:4DBwDE0NGyQoBHbLQYPwSUPoCMWR5BEzIk/f1lZbAQM=
github.com/pmezard/go-difflib v1.0.0/go.mod h1:iKH77koFhYxTK1pcRnkKkqfTogsbg7gZNVY4sRDYZ/4=
github.com/stretchr/testify v1.6.1 h1:hDPOHmpOpP40lSULcqw7IrRb/u7w6RpDC9399XyoNd0=
github.com/stretchr/testify v1.6.1/go.mod h1:6Fq8oRcR53rry900zMqJjRRixrwX3KX962/h/Wwjteg=
github.com/vmihailenco/msgpack/v5 v5.4.0 h1:hRM0digJwyR6vll33NNAwCFguy5JuBD6jxDmQP3l608=
github.com/vmihailenco/msgpack/v5 v5.4.0/go.mod h1:GaZTsDaehaPpQVyxrf5mtQlH+pc21PIudVV/E3rRQok=
github.com/vmihailenco/tagparser/v2 v2.0.0 h1:y09buUbR+b5aycVFQs/g70pqKVZNBmxwAhO7/IwNM9g=
github.com/vmihailenco/tagparser/v2 v2.0.0/go.mod h1:Wri+At7QHww0WTrCBeu4J6bNtoV6mEfg5OIWRZA9qds=
github.com/xanygo/anygo v0.0.0-20251029042508-4d7e4b6ea62b h1:EtFkLKIGkc7yIC4K0P7dCmApRL8aplTQfBO2LkDv1v8=
github.com/xanygo/anygo v0.0.0-20251029042508-4d7e4b6ea62b/go.mod h1:Z2c+FB/85TK4MnI6lIwGFAH0Q6/kQ3t6dGK8+IZAUxk=
golang.org/x/mod v0.40.0 h1:hUv+3cXcdRHz08UmSiOob7sadHig73uo5bkXxQ/tvUs=
golang.org/x/mod v0.40.0/go.mod h1:0/weTWkPWGBikyTWAX3dkjVztMmBA5hM0DH6BElSupE=
golang.org/x/sys v0.6.0/go.mod h1:oPkhp1MJrh7nUepCBck5+mAzfO9JrbApNNgaTdGDITg=
golang.org/x/sys v0.47.0 h1:o7XGOvZQCADBQQ4Y7VNq2dRWQR7JmOUW8Kxx4ZsNgWs=
golang.org/x/sys v0.47.0/go.mod h1:4GL1E5IUh+htKOUEOaiffhrAeqysfVGipDYzABqnCmw=
golang.org/x/tools v0.49.0 h1:3NI7VXzL9+1WZD52Dx2ttoPwD5DWrFGpl9mFZDlmisI=
golang.org/x/tools v0.49.0/go.mod h1:SJNXV9DBKT0UbdttsQjbfJlAE/q+y36++zo3uL3N0Oo=
gopkg.in/yaml.v3 v3.0.0-20200313102051-9f266ea9e77c h1:dUUwHk2QECo/6vqA44rthZ8ie2QXMNeKRTHCNY2nXvo=
gopkg.in/yaml.v3 v3.0.0-20200313102051-9f266ea9e77c/go.mod h1:K4uyk7z7BCEPqu6E+C64Yfv1cQ7kz7rIZviUmN+EgEM=
